
Microsoft Visual Studio Solution File, Format Version 12.00
# Visual Studio Version 17
VisualStudioVersion = 17.2.32505.173
MinimumVisualStudioVersion = 10.0.40219.1
Project("{9A19103F-16F7-4668-BE54-9A1E7A4F7556}") = "Lesson_30", "Lesson_30\Lesson_30.csproj", "{9221E998-D3DC-4B8F-B385-EA44FAAD2D15}"
EndProject
Project("{9A19103F-16F7-4668-BE54-9A1E7A4F7556}") = "Lesson_31", "Lesson_31\Lesson_31.csproj", "{409106ED-D77B-451F-A1B7-2157AEDD7D9A}"
EndProject
Project("{9A19103F-16F7-4668-BE54-9A1E7A4F7556}") = "Lesson_01", "Lesson_01\Lesson_01.csproj", "{2EB1AAB3-4BA6-43B9-A81E-2EAC95AFFD59}"
EndProject
Project("{9A19103F-16F7-4668-BE54-9A1E7A4F7556}") = "Lesson_02", "Lesson_02\Lesson_02.csproj", "{DC57F9A5-7ED3-40CB-A90F-A791363E6DCD}"
EndProject
Project("{9A19103F-16F7-4668-BE54-9A1E7A4F7556}") = "Lesson_03", "Lesson_03\Lesson_03.csproj", "{9F02849C-CB92-497D-81A0-FD3E22FF8E5D}"
EndProject
Project("{9A19103F-16F7-4668-BE54-9A1E7A4F7556}") = "Lesson_04", "Lesson_04\Lesson_04.csproj", "{3474F31C-B411-4FCA-96F5-652AA3A9DE60}"
EndProject
Project("{9A19103F-16F7-4668-BE54-9A1E7A4F7556}") = "Lesson_05", "Lesson_05\Lesson_05.csproj", "{56E5C733-14F9-43D9-9FB6-23269BB7599C}"
EndProject
Project("{9A19103F-16F7-4668-BE54-9A1E7A4F7556}") = "Lesson_06", "Lesson_06\Lesson_06.csproj", "{1CA4340C-0699-47F8-8928-8145BE31E391}"
EndProject
Project("{9A19103F-16F7-4668-BE54-9A1E7A4F7556}") = "Lesson_07", "Lesson_07\Lesson_07.csproj", "{F7646223-1D78-4A86-BD7F-71ED619619EB}"
EndProject
Project("{9A19103F-16F7-4668-BE54-9A1E7A4F7556}") = "Lesson_08", "Lesson_08\Lesson_08.csproj", "{BCA4D5E0-A7D1-47CE-BB80-D8093E6A57A4}"
EndProject
Project("{9A19103F-16F7-4668-BE54-9A1E7A4F7556}") = "Lesson_09", "Lesson_09\Lesson_09.csproj", "{199D4778-EE82-4E96-8A65-4F4E5C76D25F}"
EndProject
Project("{9A19103F-16F7-4668-BE54-9A1E7A4F7556}") = "Lesson_10", "Lesson_10\Lesson_10.csproj", "{06162D68-A483-4605-8228-3D32D8653291}"
EndProject
Project("{9A19103F-16F7-4668-BE54-9A1E7A4F7556}") = "Lesson_11", "Lesson_11\Lesson_11.csproj", "{A4F4FD4B-5B42-420B-91D5-A3FFEA54CE72}"
EndProject
Project("{9A19103F-16F7-4668-BE54-9A1E7A4F7556}") = "Lesson_12", "Lesson_12\Lesson_12.csproj", "{42EE34FC-4C0F-4AD5-8DF6-421EE27EF399}"
EndProject
Project("{9A19103F-16F7-4668-BE54-9A1E7A4F7556}") = "Lesson_13", "Lesson_13\Lesson_13.csproj", "{C44FA3D0-CC46-40A9-82FD-FD587C934476}"
EndProject
Project("{9A19103F-16F7-4668-BE54-9A1E7A4F7556}") = "Lesson_14", "Lesson_14\Lesson_14.csproj", "{35F6FE1F-5168-4AF2-9228-C0A527B806E8}"
EndProject
Project("{9A19103F-16F7-4668-BE54-9A1E7A4F7556}") = "Lesson_15", "Lesson_15\Lesson_15.csproj", "{3FBB1C3C-33DC-4AD7-9559-2776CBE6415B}"
EndProject
Project("{9A19103F-16F7-4668-BE54-9A1E7A4F7556}") = "Lesson_16", "Lesson_16\Lesson_16.csproj", "{2650C243-EDC0-4D95-B35B-D2D29477C184}"
EndProject
Project("{9A19103F-16F7-4668-BE54-9A1E7A4F7556}") = "Lesson_17", "Lesson_17\Lesson_17.csproj", "{2157E662-FB6E-40B7-8FA2-98AB75B645A8}"
EndProject
Project("{9A19103F-16F7-4668-BE54-9A1E7A4F7556}") = "Lesson_18", "Lesson_18\Lesson_18.csproj", "{43B988FC-6B76-4CB5-932A-55FDB56CF8A6}"
EndProject
Project("{9A19103F-16F7-4668-BE54-9A1E7A4F7556}") = "Lesson_19", "Lesson_19\Lesson_19.csproj", "{0A7520FF-1446-4B2A-967A-92FCB261A62D}"
EndProject
Project("{9A19103F-16F7-4668-BE54-9A1E7A4F7556}") = "Lesson_20", "Lesson_20\Lesson_20.csproj", "{479FAE63-0057-4B2A-A0D0-CBCB98B50520}"
EndProject
Project("{9A19103F-16F7-4668-BE54-9A1E7A4F7556}") = "Lesson_32", "Lesson_32\Lesson_32.csproj", "{3E5210A3-1D8F-4457-B072-90FFF07EDCD5}"
EndProject
Project("{9A19103F-16F7-4668-BE54-9A1E7A4F7556}") = "Lesson_21", "Lesson_21\Lesson_21.csproj", "{6B79E9EC-E803-44A3-84E6-1312ADEB02BE}"
EndProject
Project("{9A19103F-16F7-4668-BE54-9A1E7A4F7556}") = "Lesson_22", "Lesson_22\Lesson_22.csproj", "{A1BA0741-1C3C-4F28-B7B1-2867839AA0AE}"
EndProject
Project("{9A19103F-16F7-4668-BE54-9A1E7A4F7556}") = "Lesson_23", "Lesson_23\Lesson_23.csproj", "{0ADE0114-3562-4257-96C8-8779C78AC633}"
EndProject
Project("{9A19103F-16F7-4668-BE54-9A1E7A4F7556}") = "Lesson_24", "Lesson_24\Lesson_24.csproj", "{C3474EDC-3D8E-4B06-A555-C43AD8F75178}"
EndProject
Project("{9A19103F-16F7-4668-BE54-9A1E7A4F7556}") = "Lesson_25", "Lesson_25\Lesson_25.csproj", "{F9D7BFC3-105F-4D22-A09C-740788930BFE}"
EndProject
Project("{9A19103F-16F7-4668-BE54-9A1E7A4F7556}") = "Lesson_26", "Lesson_26\Lesson_26.csproj", "{D914FDE7-C34B-4ED7-9B64-FB96D66A7E91}"
EndProject
Project("{9A19103F-16F7-4668-BE54-9A1E7A4F7556}") = "Lesson_27", "Lesson_27\Lesson_27.csproj", "{95406292-BD51-46D8-BB70-1E5D019425AD}"
EndProject
Project("{9A19103F-16F7-4668-BE54-9A1E7A4F7556}") = "Lesson_28", "Lesson_28\Lesson_28.csproj", "{0C363407-DD83-4011-B822-FCB23B156403}"
EndProject
Project("{9A19103F-16F7-4668-BE54-9A1E7A4F7556}") = "Lesson_29", "Lesson_29\Lesson_29.csproj", "{784C13B7-096A-4362-A411-B25DE2F20AFA}"
EndProject
Project("{9A19103F-16F7-4668-BE54-9A1E7A4F7556}") = "Lesson_33", "Lesson_33\Lesson_33.csproj", "{F477E059-61A3-40D1-AD60-34BCB1CA5DDF}"
EndProject
Project("{9A19103F-16F7-4668-BE54-9A1E7A4F7556}") = "Lesson_34", "Lesson_34\Lesson_34.csproj", "{BFDAD15E-1AEA-414F-8534-5AB5C4E005DA}"
EndProject
Project("{9A19103F-16F7-4668-BE54-9A1E7A4F7556}") = "Lesson_35", "Lesson_35\Lesson_35.csproj", "{AFA49482-7C19-4B58-8B2D-79BFCB536A47}"
EndProject
Project("{9A19103F-16F7-4668-BE54-9A1E7A4F7556}") = "Lesson_36", "Lesson_36\Lesson_36.csproj", "{8F6C6015-5BA1-4151-B23D-C3CDA804ABC7}"
EndProject
Project("{9A19103F-16F7-4668-BE54-9A1E7A4F7556}") = "Lesson_37", "Lesson_37\Lesson_37.csproj", "{108EB649-BA39-4E77-8EDE-9B2341854629}"
EndProject
Project("{9A19103F-16F7-4668-BE54-9A1E7A4F7556}") = "Lesson_38", "Lesson_38\Lesson_38.csproj", "{6249D723-4FC9-441C-8648-049F2BDD850B}"
EndProject
Project("{9A19103F-16F7-4668-BE54-9A1E7A4F7556}") = "Lesson_39", "Lesson_39\Lesson_39.csproj", "{0259F1AB-3935-43C4-86A6-7FC4314E3A3E}"
EndProject
Project("{9A19103F-16F7-4668-BE54-9A1E7A4F7556}") = "Lesson_40", "Lesson_40\Lesson_40.csproj", "{E1A8EE1E-9FE4-4E9D-82C4-F4BA256636A4}"
EndProject
Project("{9A19103F-16F7-4668-BE54-9A1E7A4F7556}") = "Lesson_41", "Lesson_41\Lesson_41.csproj", "{6288712C-FEAD-436E-97EC-F348C2C8EA25}"
EndProject
Project("{9A19103F-16F7-4668-BE54-9A1E7A4F7556}") = "Lesson_42", "Lesson_42\Lesson_42.csproj", "{6D4F4A33-BD30-44C0-94FB-041451282F94}"
EndProject
Project("{9A19103F-16F7-4668-BE54-9A1E7A4F7556}") = "Lesson_43", "Lesson_43\Lesson_43.csproj", "{EBBD2CB3-D9FF-4EA7-A067-F7EA2137253A}"
EndProject
Project("{9A19103F-16F7-4668-BE54-9A1E7A4F7556}") = "Lesson_44", "Lesson_44\Lesson_44.csproj", "{83360CBE-F99A-495F-A0D5-C4F43E506D4C}"
EndProject
Project("{9A19103F-16F7-4668-BE54-9A1E7A4F7556}") = "Lesson_45", "Lesson_45\Lesson_45.csproj", "{1B23F458-C36C-4101-91AC-51387D1A9E33}"
EndProject
Project("{9A19103F-16F7-4668-BE54-9A1E7A4F7556}") = "Lesson_46", "Lesson_46\Lesson_46.csproj", "{881AB0EE-8FEF-470A-8B2A-4055916D5D56}"
EndProject
Project("{9A19103F-16F7-4668-BE54-9A1E7A4F7556}") = "Lesson_47", "Lesson_47\Lesson_47.csproj", "{FB903EAA-7E6E-4247-8348-CDDD992DAA77}"
EndProject
Project("{9A19103F-16F7-4668-BE54-9A1E7A4F7556}") = "Lesson_48", "Lesson_48\Lesson_48.csproj", "{D970A632-7101-488D-B5C1-5B7A7550F06F}"
EndProject
Project("{9A19103F-16F7-4668-BE54-9A1E7A4F7556}") = "Lesson_49", "Lesson_49\Lesson_49.csproj", "{CE22D0A6-30CC-4B53-B048-6707AAC8B875}"
EndProject
Project("{9A19103F-16F7-4668-BE54-9A1E7A4F7556}") = "Lesson_50", "Lesson_50\Lesson_50.csproj", "{4E17BEC7-53DB-4069-A2A8-6402B8796E1C}"
EndProject
Project("{9A19103F-16F7-4668-BE54-9A1E7A4F7556}") = "Lesson_51", "Lesson_51\Lesson_51.csproj", "{982B141F-6E0A-4FF5-A2B6-4F841DC76628}"
EndProject
Project("{9A19103F-16F7-4668-BE54-9A1E7A4F7556}") = "Lesson_52", "Lesson_52\Lesson_52.csproj", "{1A615538-19B8-43CE-B9CC-9E9F3D968B74}"
EndProject
Project("{9A19103F-16F7-4668-BE54-9A1E7A4F7556}") = "Lesson_53", "Lesson_53\Lesson_53.csproj", "{CF93DED5-AE19-4115-B295-0828D8975B5F}"
EndProject
Project("{9A19103F-16F7-4668-BE54-9A1E7A4F7556}") = "Lesson_54", "Lesson_54\Lesson_54.csproj", "{9946AC9F-ECD8-4116-9342-9E04C747A92A}"
EndProject
Project("{9A19103F-16F7-4668-BE54-9A1E7A4F7556}") = "Lesson_55", "Lesson_55\Lesson_55.csproj", "{79080864-7113-434F-AFE9-727A261019B7}"
EndProject
Project("{9A19103F-16F7-4668-BE54-9A1E7A4F7556}") = "Lesson_56", "Lesson_56\Lesson_56.csproj", "{D0282F4D-1B40-4989-9A21-DB8774037D8F}"
EndProject
Project("{9A19103F-16F7-4668-BE54-9A1E7A4F7556}") = "Lesson_57", "Lesson_57\Lesson_57.csproj", "{4C2E8E4D-A682-4048-A6D4-B65157311717}"
EndProject
Global
	GlobalSection(SolutionConfigurationPlatforms) = preSolution
		Debug|Any CPU = Debug|Any CPU
		Release|Any CPU = Release|Any CPU
	EndGlobalSection
	GlobalSection(ProjectConfigurationPlatforms) = postSolution
		{9221E998-D3DC-4B8F-B385-EA44FAAD2D15}.Debug|Any CPU.ActiveCfg = Debug|Any CPU
		{9221E998-D3DC-4B8F-B385-EA44FAAD2D15}.Debug|Any CPU.Build.0 = Debug|Any CPU
		{9221E998-D3DC-4B8F-B385-EA44FAAD2D15}.Release|Any CPU.ActiveCfg = Release|Any CPU
		{9221E998-D3DC-4B8F-B385-EA44FAAD2D15}.Release|Any CPU.Build.0 = Release|Any CPU
		{409106ED-D77B-451F-A1B7-2157AEDD7D9A}.Debug|Any CPU.ActiveCfg = Debug|Any CPU
		{409106ED-D77B-451F-A1B7-2157AEDD7D9A}.Debug|Any CPU.Build.0 = Debug|Any CPU
		{409106ED-D77B-451F-A1B7-2157AEDD7D9A}.Release|Any CPU.ActiveCfg = Release|Any CPU
		{409106ED-D77B-451F-A1B7-2157AEDD7D9A}.Release|Any CPU.Build.0 = Release|Any CPU
		{2EB1AAB3-4BA6-43B9-A81E-2EAC95AFFD59}.Debug|Any CPU.ActiveCfg = Debug|Any CPU
		{2EB1AAB3-4BA6-43B9-A81E-2EAC95AFFD59}.Debug|Any CPU.Build.0 = Debug|Any CPU
		{2EB1AAB3-4BA6-43B9-A81E-2EAC95AFFD59}.Release|Any CPU.ActiveCfg = Release|Any CPU
		{2EB1AAB3-4BA6-43B9-A81E-2EAC95AFFD59}.Release|Any CPU.Build.0 = Release|Any CPU
		{DC57F9A5-7ED3-40CB-A90F-A791363E6DCD}.Debug|Any CPU.ActiveCfg = Debug|Any CPU
		{DC57F9A5-7ED3-40CB-A90F-A791363E6DCD}.Debug|Any CPU.Build.0 = Debug|Any CPU
		{DC57F9A5-7ED3-40CB-A90F-A791363E6DCD}.Release|Any CPU.ActiveCfg = Release|Any CPU
		{DC57F9A5-7ED3-40CB-A90F-A791363E6DCD}.Release|Any CPU.Build.0 = Release|Any CPU
		{9F02849C-CB92-497D-81A0-FD3E22FF8E5D}.Debug|Any CPU.ActiveCfg = Debug|Any CPU
		{9F02849C-CB92-497D-81A0-FD3E22FF8E5D}.Debug|Any CPU.Build.0 = Debug|Any CPU
		{9F02849C-CB92-497D-81A0-FD3E22FF8E5D}.Release|Any CPU.ActiveCfg = Release|Any CPU
		{9F02849C-CB92-497D-81A0-FD3E22FF8E5D}.Release|Any CPU.Build.0 = Release|Any CPU
		{3474F31C-B411-4FCA-96F5-652AA3A9DE60}.Debug|Any CPU.ActiveCfg = Debug|Any CPU
		{3474F31C-B411-4FCA-96F5-652AA3A9DE60}.Debug|Any CPU.Build.0 = Debug|Any CPU
		{3474F31C-B411-4FCA-96F5-652AA3A9DE60}.Release|Any CPU.ActiveCfg = Release|Any CPU
		{3474F31C-B411-4FCA-96F5-652AA3A9DE60}.Release|Any CPU.Build.0 = Release|Any CPU
		{56E5C733-14F9-43D9-9FB6-23269BB7599C}.Debug|Any CPU.ActiveCfg = Debug|Any CPU
		{56E5C733-14F9-43D9-9FB6-23269BB7599C}.Debug|Any CPU.Build.0 = Debug|Any CPU
		{56E5C733-14F9-43D9-9FB6-23269BB7599C}.Release|Any CPU.ActiveCfg = Release|Any CPU
		{56E5C733-14F9-43D9-9FB6-23269BB7599C}.Release|Any CPU.Build.0 = Release|Any CPU
		{1CA4340C-0699-47F8-8928-8145BE31E391}.Debug|Any CPU.ActiveCfg = Debug|Any CPU
		{1CA4340C-0699-47F8-8928-8145BE31E391}.Debug|Any CPU.Build.0 = Debug|Any CPU
		{1CA4340C-0699-47F8-8928-8145BE31E391}.Release|Any CPU.ActiveCfg = Release|Any CPU
		{1CA4340C-0699-47F8-8928-8145BE31E391}.Release|Any CPU.Build.0 = Release|Any CPU
		{F7646223-1D78-4A86-BD7F-71ED619619EB}.Debug|Any CPU.ActiveCfg = Debug|Any CPU
		{F7646223-1D78-4A86-BD7F-71ED619619EB}.Debug|Any CPU.Build.0 = Debug|Any CPU
		{F7646223-1D78-4A86-BD7F-71ED619619EB}.Release|Any CPU.ActiveCfg = Release|Any CPU
		{F7646223-1D78-4A86-BD7F-71ED619619EB}.Release|Any CPU.Build.0 = Release|Any CPU
		{BCA4D5E0-A7D1-47CE-BB80-D8093E6A57A4}.Debug|Any CPU.ActiveCfg = Debug|Any CPU
		{BCA4D5E0-A7D1-47CE-BB80-D8093E6A57A4}.Debug|Any CPU.Build.0 = Debug|Any CPU
		{BCA4D5E0-A7D1-47CE-BB80-D8093E6A57A4}.Release|Any CPU.ActiveCfg = Release|Any CPU
		{BCA4D5E0-A7D1-47CE-BB80-D8093E6A57A4}.Release|Any CPU.Build.0 = Release|Any CPU
		{199D4778-EE82-4E96-8A65-4F4E5C76D25F}.Debug|Any CPU.ActiveCfg = Debug|Any CPU
		{199D4778-EE82-4E96-8A65-4F4E5C76D25F}.Debug|Any CPU.Build.0 = Debug|Any CPU
		{199D4778-EE82-4E96-8A65-4F4E5C76D25F}.Release|Any CPU.ActiveCfg = Release|Any CPU
		{199D4778-EE82-4E96-8A65-4F4E5C76D25F}.Release|Any CPU.Build.0 = Release|Any CPU
		{06162D68-A483-4605-8228-3D32D8653291}.Debug|Any CPU.ActiveCfg = Debug|Any CPU
		{06162D68-A483-4605-8228-3D32D8653291}.Debug|Any CPU.Build.0 = Debug|Any CPU
		{06162D68-A483-4605-8228-3D32D8653291}.Release|Any CPU.ActiveCfg = Release|Any CPU
		{06162D68-A483-4605-8228-3D32D8653291}.Release|Any CPU.Build.0 = Release|Any CPU
		{A4F4FD4B-5B42-420B-91D5-A3FFEA54CE72}.Debug|Any CPU.ActiveCfg = Debug|Any CPU
		{A4F4FD4B-5B42-420B-91D5-A3FFEA54CE72}.Debug|Any CPU.Build.0 = Debug|Any CPU
		{A4F4FD4B-5B42-420B-91D5-A3FFEA54CE72}.Release|Any CPU.ActiveCfg = Release|Any CPU
		{A4F4FD4B-5B42-420B-91D5-A3FFEA54CE72}.Release|Any CPU.Build.0 = Release|Any CPU
		{42EE34FC-4C0F-4AD5-8DF6-421EE27EF399}.Debug|Any CPU.ActiveCfg = Debug|Any CPU
		{42EE34FC-4C0F-4AD5-8DF6-421EE27EF399}.Debug|Any CPU.Build.0 = Debug|Any CPU
		{42EE34FC-4C0F-4AD5-8DF6-421EE27EF399}.Release|Any CPU.ActiveCfg = Release|Any CPU
		{42EE34FC-4C0F-4AD5-8DF6-421EE27EF399}.Release|Any CPU.Build.0 = Release|Any CPU
		{C44FA3D0-CC46-40A9-82FD-FD587C934476}.Debug|Any CPU.ActiveCfg = Debug|Any CPU
		{C44FA3D0-CC46-40A9-82FD-FD587C934476}.Debug|Any CPU.Build.0 = Debug|Any CPU
		{C44FA3D0-CC46-40A9-82FD-FD587C934476}.Release|Any CPU.ActiveCfg = Release|Any CPU
		{C44FA3D0-CC46-40A9-82FD-FD587C934476}.Release|Any CPU.Build.0 = Release|Any CPU
		{35F6FE1F-5168-4AF2-9228-C0A527B806E8}.Debug|Any CPU.ActiveCfg = Debug|Any CPU
		{35F6FE1F-5168-4AF2-9228-C0A527B806E8}.Debug|Any CPU.Build.0 = Debug|Any CPU
		{35F6FE1F-5168-4AF2-9228-C0A527B806E8}.Release|Any CPU.ActiveCfg = Release|Any CPU
		{35F6FE1F-5168-4AF2-9228-C0A527B806E8}.Release|Any CPU.Build.0 = Release|Any CPU
		{3FBB1C3C-33DC-4AD7-9559-2776CBE6415B}.Debug|Any CPU.ActiveCfg = Debug|Any CPU
		{3FBB1C3C-33DC-4AD7-9559-2776CBE6415B}.Debug|Any CPU.Build.0 = Debug|Any CPU
		{3FBB1C3C-33DC-4AD7-9559-2776CBE6415B}.Release|Any CPU.ActiveCfg = Release|Any CPU
		{3FBB1C3C-33DC-4AD7-9559-2776CBE6415B}.Release|Any CPU.Build.0 = Release|Any CPU
		{2650C243-EDC0-4D95-B35B-D2D29477C184}.Debug|Any CPU.ActiveCfg = Debug|Any CPU
		{2650C243-EDC0-4D95-B35B-D2D29477C184}.Debug|Any CPU.Build.0 = Debug|Any CPU
		{2650C243-EDC0-4D95-B35B-D2D29477C184}.Release|Any CPU.ActiveCfg = Release|Any CPU
		{2650C243-EDC0-4D95-B35B-D2D29477C184}.Release|Any CPU.Build.0 = Release|Any CPU
		{2157E662-FB6E-40B7-8FA2-98AB75B645A8}.Debug|Any CPU.ActiveCfg = Debug|Any CPU
		{2157E662-FB6E-40B7-8FA2-98AB75B645A8}.Debug|Any CPU.Build.0 = Debug|Any CPU
		{2157E662-FB6E-40B7-8FA2-98AB75B645A8}.Release|Any CPU.ActiveCfg = Release|Any CPU
		{2157E662-FB6E-40B7-8FA2-98AB75B645A8}.Release|Any CPU.Build.0 = Release|Any CPU
		{43B988FC-6B76-4CB5-932A-55FDB56CF8A6}.Debug|Any CPU.ActiveCfg = Debug|Any CPU
		{43B988FC-6B76-4CB5-932A-55FDB56CF8A6}.Debug|Any CPU.Build.0 = Debug|Any CPU
		{43B988FC-6B76-4CB5-932A-55FDB56CF8A6}.Release|Any CPU.ActiveCfg = Release|Any CPU
		{43B988FC-6B76-4CB5-932A-55FDB56CF8A6}.Release|Any CPU.Build.0 = Release|Any CPU
		{0A7520FF-1446-4B2A-967A-92FCB261A62D}.Debug|Any CPU.ActiveCfg = Debug|Any CPU
		{0A7520FF-1446-4B2A-967A-92FCB261A62D}.Debug|Any CPU.Build.0 = Debug|Any CPU
		{0A7520FF-1446-4B2A-967A-92FCB261A62D}.Release|Any CPU.ActiveCfg = Release|Any CPU
		{0A7520FF-1446-4B2A-967A-92FCB261A62D}.Release|Any CPU.Build.0 = Release|Any CPU
		{479FAE63-0057-4B2A-A0D0-CBCB98B50520}.Debug|Any CPU.ActiveCfg = Debug|Any CPU
		{479FAE63-0057-4B2A-A0D0-CBCB98B50520}.Debug|Any CPU.Build.0 = Debug|Any CPU
		{479FAE63-0057-4B2A-A0D0-CBCB98B50520}.Release|Any CPU.ActiveCfg = Release|Any CPU
		{479FAE63-0057-4B2A-A0D0-CBCB98B50520}.Release|Any CPU.Build.0 = Release|Any CPU
		{3E5210A3-1D8F-4457-B072-90FFF07EDCD5}.Debug|Any CPU.ActiveCfg = Debug|Any CPU
		{3E5210A3-1D8F-4457-B072-90FFF07EDCD5}.Debug|Any CPU.Build.0 = Debug|Any CPU
		{3E5210A3-1D8F-4457-B072-90FFF07EDCD5}.Release|Any CPU.ActiveCfg = Release|Any CPU
		{3E5210A3-1D8F-4457-B072-90FFF07EDCD5}.Release|Any CPU.Build.0 = Release|Any CPU
		{6B79E9EC-E803-44A3-84E6-1312ADEB02BE}.Debug|Any CPU.ActiveCfg = Debug|Any CPU
		{6B79E9EC-E803-44A3-84E6-1312ADEB02BE}.Debug|Any CPU.Build.0 = Debug|Any CPU
		{6B79E9EC-E803-44A3-84E6-1312ADEB02BE}.Release|Any CPU.ActiveCfg = Release|Any CPU
		{6B79E9EC-E803-44A3-84E6-1312ADEB02BE}.Release|Any CPU.Build.0 = Release|Any CPU
		{A1BA0741-1C3C-4F28-B7B1-2867839AA0AE}.Debug|Any CPU.ActiveCfg = Debug|Any CPU
		{A1BA0741-1C3C-4F28-B7B1-2867839AA0AE}.Debug|Any CPU.Build.0 = Debug|Any CPU
		{A1BA0741-1C3C-4F28-B7B1-2867839AA0AE}.Release|Any CPU.ActiveCfg = Release|Any CPU
		{A1BA0741-1C3C-4F28-B7B1-2867839AA0AE}.Release|Any CPU.Build.0 = Release|Any CPU
		{0ADE0114-3562-4257-96C8-8779C78AC633}.Debug|Any CPU.ActiveCfg = Debug|Any CPU
		{0ADE0114-3562-4257-96C8-8779C78AC633}.Debug|Any CPU.Build.0 = Debug|Any CPU
		{0ADE0114-3562-4257-96C8-8779C78AC633}.Release|Any CPU.ActiveCfg = Release|Any CPU
		{0ADE0114-3562-4257-96C8-8779C78AC633}.Release|Any CPU.Build.0 = Release|Any CPU
		{C3474EDC-3D8E-4B06-A555-C43AD8F75178}.Debug|Any CPU.ActiveCfg = Debug|Any CPU
		{C3474EDC-3D8E-4B06-A555-C43AD8F75178}.Debug|Any CPU.Build.0 = Debug|Any CPU
		{C3474EDC-3D8E-4B06-A555-C43AD8F75178}.Release|Any CPU.ActiveCfg = Release|Any CPU
		{C3474EDC-3D8E-4B06-A555-C43AD8F75178}.Release|Any CPU.Build.0 = Release|Any CPU
		{F9D7BFC3-105F-4D22-A09C-740788930BFE}.Debug|Any CPU.ActiveCfg = Debug|Any CPU
		{F9D7BFC3-105F-4D22-A09C-740788930BFE}.Debug|Any CPU.Build.0 = Debug|Any CPU
		{F9D7BFC3-105F-4D22-A09C-740788930BFE}.Release|Any CPU.ActiveCfg = Release|Any CPU
		{F9D7BFC3-105F-4D22-A09C-740788930BFE}.Release|Any CPU.Build.0 = Release|Any CPU
		{D914FDE7-C34B-4ED7-9B64-FB96D66A7E91}.Debug|Any CPU.ActiveCfg = Debug|Any CPU
		{D914FDE7-C34B-4ED7-9B64-FB96D66A7E91}.Debug|Any CPU.Build.0 = Debug|Any CPU
		{D914FDE7-C34B-4ED7-9B64-FB96D66A7E91}.Release|Any CPU.ActiveCfg = Release|Any CPU
		{D914FDE7-C34B-4ED7-9B64-FB96D66A7E91}.Release|Any CPU.Build.0 = Release|Any CPU
		{95406292-BD51-46D8-BB70-1E5D019425AD}.Debug|Any CPU.ActiveCfg = Debug|Any CPU
		{95406292-BD51-46D8-BB70-1E5D019425AD}.Debug|Any CPU.Build.0 = Debug|Any CPU
		{95406292-BD51-46D8-BB70-1E5D019425AD}.Release|Any CPU.ActiveCfg = Release|Any CPU
		{95406292-BD51-46D8-BB70-1E5D019425AD}.Release|Any CPU.Build.0 = Release|Any CPU
		{0C363407-DD83-4011-B822-FCB23B156403}.Debug|Any CPU.ActiveCfg = Debug|Any CPU
		{0C363407-DD83-4011-B822-FCB23B156403}.Debug|Any CPU.Build.0 = Debug|Any CPU
		{0C363407-DD83-4011-B822-FCB23B156403}.Release|Any CPU.ActiveCfg = Release|Any CPU
		{0C363407-DD83-4011-B822-FCB23B156403}.Release|Any CPU.Build.0 = Release|Any CPU
		{784C13B7-096A-4362-A411-B25DE2F20AFA}.Debug|Any CPU.ActiveCfg = Debug|Any CPU
		{784C13B7-096A-4362-A411-B25DE2F20AFA}.Debug|Any CPU.Build.0 = Debug|Any CPU
		{784C13B7-096A-4362-A411-B25DE2F20AFA}.Release|Any CPU.ActiveCfg = Release|Any CPU
		{784C13B7-096A-4362-A411-B25DE2F20AFA}.Release|Any CPU.Build.0 = Release|Any CPU
		{F477E059-61A3-40D1-AD60-34BCB1CA5DDF}.Debug|Any CPU.ActiveCfg = Debug|Any CPU
		{F477E059-61A3-40D1-AD60-34BCB1CA5DDF}.Debug|Any CPU.Build.0 = Debug|Any CPU
		{F477E059-61A3-40D1-AD60-34BCB1CA5DDF}.Release|Any CPU.ActiveCfg = Release|Any CPU
		{F477E059-61A3-40D1-AD60-34BCB1CA5DDF}.Release|Any CPU.Build.0 = Release|Any CPU
		{BFDAD15E-1AEA-414F-8534-5AB5C4E005DA}.Debug|Any CPU.ActiveCfg = Debug|Any CPU
		{BFDAD15E-1AEA-414F-8534-5AB5C4E005DA}.Debug|Any CPU.Build.0 = Debug|Any CPU
		{BFDAD15E-1AEA-414F-8534-5AB5C4E005DA}.Release|Any CPU.ActiveCfg = Release|Any CPU
		{BFDAD15E-1AEA-414F-8534-5AB5C4E005DA}.Release|Any CPU.Build.0 = Release|Any CPU
		{AFA49482-7C19-4B58-8B2D-79BFCB536A47}.Debug|Any CPU.ActiveCfg = Debug|Any CPU
		{AFA49482-7C19-4B58-8B2D-79BFCB536A47}.Debug|Any CPU.Build.0 = Debug|Any CPU
		{AFA49482-7C19-4B58-8B2D-79BFCB536A47}.Release|Any CPU.ActiveCfg = Release|Any CPU
		{AFA49482-7C19-4B58-8B2D-79BFCB536A47}.Release|Any CPU.Build.0 = Release|Any CPU
		{8F6C6015-5BA1-4151-B23D-C3CDA804ABC7}.Debug|Any CPU.ActiveCfg = Debug|Any CPU
		{8F6C6015-5BA1-4151-B23D-C3CDA804ABC7}.Debug|Any CPU.Build.0 = Debug|Any CPU
		{8F6C6015-5BA1-4151-B23D-C3CDA804ABC7}.Release|Any CPU.ActiveCfg = Release|Any CPU
		{8F6C6015-5BA1-4151-B23D-C3CDA804ABC7}.Release|Any CPU.Build.0 = Release|Any CPU
		{108EB649-BA39-4E77-8EDE-9B2341854629}.Debug|Any CPU.ActiveCfg = Debug|Any CPU
		{108EB649-BA39-4E77-8EDE-9B2341854629}.Debug|Any CPU.Build.0 = Debug|Any CPU
		{108EB649-BA39-4E77-8EDE-9B2341854629}.Release|Any CPU.ActiveCfg = Release|Any CPU
		{108EB649-BA39-4E77-8EDE-9B2341854629}.Release|Any CPU.Build.0 = Release|Any CPU
		{6249D723-4FC9-441C-8648-049F2BDD850B}.Debug|Any CPU.ActiveCfg = Debug|Any CPU
		{6249D723-4FC9-441C-8648-049F2BDD850B}.Debug|Any CPU.Build.0 = Debug|Any CPU
		{6249D723-4FC9-441C-8648-049F2BDD850B}.Release|Any CPU.ActiveCfg = Release|Any CPU
		{6249D723-4FC9-441C-8648-049F2BDD850B}.Release|Any CPU.Build.0 = Release|Any CPU
		{0259F1AB-3935-43C4-86A6-7FC4314E3A3E}.Debug|Any CPU.ActiveCfg = Debug|Any CPU
		{0259F1AB-3935-43C4-86A6-7FC4314E3A3E}.Debug|Any CPU.Build.0 = Debug|Any CPU
		{0259F1AB-3935-43C4-86A6-7FC4314E3A3E}.Release|Any CPU.ActiveCfg = Release|Any CPU
		{0259F1AB-3935-43C4-86A6-7FC4314E3A3E}.Release|Any CPU.Build.0 = Release|Any CPU
		{E1A8EE1E-9FE4-4E9D-82C4-F4BA256636A4}.Debug|Any CPU.ActiveCfg = Debug|Any CPU
		{E1A8EE1E-9FE4-4E9D-82C4-F4BA256636A4}.Debug|Any CPU.Build.0 = Debug|Any CPU
		{E1A8EE1E-9FE4-4E9D-82C4-F4BA256636A4}.Release|Any CPU.ActiveCfg = Release|Any CPU
		{E1A8EE1E-9FE4-4E9D-82C4-F4BA256636A4}.Release|Any CPU.Build.0 = Release|Any CPU
		{6288712C-FEAD-436E-97EC-F348C2C8EA25}.Debug|Any CPU.ActiveCfg = Debug|Any CPU
		{6288712C-FEAD-436E-97EC-F348C2C8EA25}.Debug|Any CPU.Build.0 = Debug|Any CPU
		{6288712C-FEAD-436E-97EC-F348C2C8EA25}.Release|Any CPU.ActiveCfg = Release|Any CPU
		{6288712C-FEAD-436E-97EC-F348C2C8EA25}.Release|Any CPU.Build.0 = Release|Any CPU
		{6D4F4A33-BD30-44C0-94FB-041451282F94}.Debug|Any CPU.ActiveCfg = Debug|Any CPU
		{6D4F4A33-BD30-44C0-94FB-041451282F94}.Debug|Any CPU.Build.0 = Debug|Any CPU
		{6D4F4A33-BD30-44C0-94FB-041451282F94}.Release|Any CPU.ActiveCfg = Release|Any CPU
		{6D4F4A33-BD30-44C0-94FB-041451282F94}.Release|Any CPU.Build.0 = Release|Any CPU
		{EBBD2CB3-D9FF-4EA7-A067-F7EA2137253A}.Debug|Any CPU.ActiveCfg = Debug|Any CPU
		{EBBD2CB3-D9FF-4EA7-A067-F7EA2137253A}.Debug|Any CPU.Build.0 = Debug|Any CPU
		{EBBD2CB3-D9FF-4EA7-A067-F7EA2137253A}.Release|Any CPU.ActiveCfg = Release|Any CPU
		{EBBD2CB3-D9FF-4EA7-A067-F7EA2137253A}.Release|Any CPU.Build.0 = Release|Any CPU
		{83360CBE-F99A-495F-A0D5-C4F43E506D4C}.Debug|Any CPU.ActiveCfg = Debug|Any CPU
		{83360CBE-F99A-495F-A0D5-C4F43E506D4C}.Debug|Any CPU.Build.0 = Debug|Any CPU
		{83360CBE-F99A-495F-A0D5-C4F43E506D4C}.Release|Any CPU.ActiveCfg = Release|Any CPU
		{83360CBE-F99A-495F-A0D5-C4F43E506D4C}.Release|Any CPU.Build.0 = Release|Any CPU
		{1B23F458-C36C-4101-91AC-51387D1A9E33}.Debug|Any CPU.ActiveCfg = Debug|Any CPU
		{1B23F458-C36C-4101-91AC-51387D1A9E33}.Debug|Any CPU.Build.0 = Debug|Any CPU
		{1B23F458-C36C-4101-91AC-51387D1A9E33}.Release|Any CPU.ActiveCfg = Release|Any CPU
		{1B23F458-C36C-4101-91AC-51387D1A9E33}.Release|Any CPU.Build.0 = Release|Any CPU
		{881AB0EE-8FEF-470A-8B2A-4055916D5D56}.Debug|Any CPU.ActiveCfg = Debug|Any CPU
		{881AB0EE-8FEF-470A-8B2A-4055916D5D56}.Debug|Any CPU.Build.0 = Debug|Any CPU
		{881AB0EE-8FEF-470A-8B2A-4055916D5D56}.Release|Any CPU.ActiveCfg = Release|Any CPU
		{881AB0EE-8FEF-470A-8B2A-4055916D5D56}.Release|Any CPU.Build.0 = Release|Any CPU
		{FB903EAA-7E6E-4247-8348-CDDD992DAA77}.Debug|Any CPU.ActiveCfg = Debug|Any CPU
		{FB903EAA-7E6E-4247-8348-CDDD992DAA77}.Debug|Any CPU.Build.0 = Debug|Any CPU
		{FB903EAA-7E6E-4247-8348-CDDD992DAA77}.Release|Any CPU.ActiveCfg = Release|Any CPU
		{FB903EAA-7E6E-4247-8348-CDDD992DAA77}.Release|Any CPU.Build.0 = Release|Any CPU
		{D970A632-7101-488D-B5C1-5B7A7550F06F}.Debug|Any CPU.ActiveCfg = Debug|Any CPU
		{D970A632-7101-488D-B5C1-5B7A7550F06F}.Debug|Any CPU.Build.0 = Debug|Any CPU
		{D970A632-7101-488D-B5C1-5B7A7550F06F}.Release|Any CPU.ActiveCfg = Release|Any CPU
		{D970A632-7101-488D-B5C1-5B7A7550F06F}.Release|Any CPU.Build.0 = Release|Any CPU
		{CE22D0A6-30CC-4B53-B048-6707AAC8B875}.Debug|Any CPU.ActiveCfg = Debug|Any CPU
		{CE22D0A6-30CC-4B53-B048-6707AAC8B875}.Debug|Any CPU.Build.0 = Debug|Any CPU
		{CE22D0A6-30CC-4B53-B048-6707AAC8B875}.Release|Any CPU.ActiveCfg = Release|Any CPU
		{CE22D0A6-30CC-4B53-B048-6707AAC8B875}.Release|Any CPU.Build.0 = Release|Any CPU
		{4E17BEC7-53DB-4069-A2A8-6402B8796E1C}.Debug|Any CPU.ActiveCfg = Debug|Any CPU
		{4E17BEC7-53DB-4069-A2A8-6402B8796E1C}.Debug|Any CPU.Build.0 = Debug|Any CPU
		{4E17BEC7-53DB-4069-A2A8-6402B8796E1C}.Release|Any CPU.ActiveCfg = Release|Any CPU
		{4E17BEC7-53DB-4069-A2A8-6402B8796E1C}.Release|Any CPU.Build.0 = Release|Any CPU
		{982B141F-6E0A-4FF5-A2B6-4F841DC76628}.Debug|Any CPU.ActiveCfg = Debug|Any CPU
		{982B141F-6E0A-4FF5-A2B6-4F841DC76628}.Debug|Any CPU.Build.0 = Debug|Any CPU
		{982B141F-6E0A-4FF5-A2B6-4F841DC76628}.Release|Any CPU.ActiveCfg = Release|Any CPU
		{982B141F-6E0A-4FF5-A2B6-4F841DC76628}.Release|Any CPU.Build.0 = Release|Any CPU
		{1A615538-19B8-43CE-B9CC-9E9F3D968B74}.Debug|Any CPU.ActiveCfg = Debug|Any CPU
		{1A615538-19B8-43CE-B9CC-9E9F3D968B74}.Debug|Any CPU.Build.0 = Debug|Any CPU
		{1A615538-19B8-43CE-B9CC-9E9F3D968B74}.Release|Any CPU.ActiveCfg = Release|Any CPU
		{1A615538-19B8-43CE-B9CC-9E9F3D968B74}.Release|Any CPU.Build.0 = Release|Any CPU
		{CF93DED5-AE19-4115-B295-0828D8975B5F}.Debug|Any CPU.ActiveCfg = Debug|Any CPU
		{CF93DED5-AE19-4115-B295-0828D8975B5F}.Debug|Any CPU.Build.0 = Debug|Any CPU
		{CF93DED5-AE19-4115-B295-0828D8975B5F}.Release|Any CPU.ActiveCfg = Release|Any CPU
		{CF93DED5-AE19-4115-B295-0828D8975B5F}.Release|Any CPU.Build.0 = Release|Any CPU
		{9946AC9F-ECD8-4116-9342-9E04C747A92A}.Debug|Any CPU.ActiveCfg = Debug|Any CPU
		{9946AC9F-ECD8-4116-9342-9E04C747A92A}.Debug|Any CPU.Build.0 = Debug|Any CPU
		{9946AC9F-ECD8-4116-9342-9E04C747A92A}.Release|Any CPU.ActiveCfg = Release|Any CPU
		{9946AC9F-ECD8-4116-9342-9E04C747A92A}.Release|Any CPU.Build.0 = Release|Any CPU
		{79080864-7113-434F-AFE9-727A261019B7}.Debug|Any CPU.ActiveCfg = Debug|Any CPU
		{79080864-7113-434F-AFE9-727A261019B7}.Debug|Any CPU.Build.0 = Debug|Any CPU
		{79080864-7113-434F-AFE9-727A261019B7}.Release|Any CPU.ActiveCfg = Release|Any CPU
		{79080864-7113-434F-AFE9-727A261019B7}.Release|Any CPU.Build.0 = Release|Any CPU
		{D0282F4D-1B40-4989-9A21-DB8774037D8F}.Debug|Any CPU.ActiveCfg = Debug|Any CPU
		{D0282F4D-1B40-4989-9A21-DB8774037D8F}.Debug|Any CPU.Build.0 = Debug|Any CPU
		{D0282F4D-1B40-4989-9A21-DB8774037D8F}.Release|Any CPU.ActiveCfg = Release|Any CPU
		{D0282F4D-1B40-4989-9A21-DB8774037D8F}.Release|Any CPU.Build.0 = Release|Any CPU
		{4C2E8E4D-A682-4048-A6D4-B65157311717}.Debug|Any CPU.ActiveCfg = Debug|Any CPU
		{4C2E8E4D-A682-4048-A6D4-B65157311717}.Debug|Any CPU.Build.0 = Debug|Any CPU
		{4C2E8E4D-A682-4048-A6D4-B65157311717}.Release|Any CPU.ActiveCfg = Release|Any CPU
		{4C2E8E4D-A682-4048-A6D4-B65157311717}.Release|Any CPU.Build.0 = Release|Any CPU
	EndGlobalSection
	GlobalSection(SolutionProperties) = preSolution
		HideSolutionNode = FALSE
	EndGlobalSection
	GlobalSection(ExtensibilityGlobals) = postSolution
		SolutionGuid = {18EF5688-FD72-4E0E-8A6C-E21A85059F9E}
	EndGlobalSection
EndGlobal
